{
  "name": "testing-shrinkwrap",
  "dependencies": {
    "async": {
      "version": "1.5.0",
      "from": "https://registry.npmjs.org/async/-/async-1.5.0.tgz",
      "resolved": "https://registry.npmjs.org/async/-/async-1.5.0.tgz"
    },
    "get-stream": {
      "version": "1.0.0",
      "from": "git://github.com/sindresorhus/get-stream.git#56bf66ad5a924be824a6603d000c68ca394f71f5",
      "resolved": "git://github.com/sindresorhus/get-stream.git#56bf66ad5a924be824a6603d000c68ca394f71f5"
    }
  }
}
